# This file is automatically @generated by Cargo.
# It is not intended for manual editing.
version = 3

[[package]]
name = "array"
version = "0.1.0"

[[package]]
name = "doubly_linked_list"
version = "0.1.0"

[[package]]
name = "graphs"
version = "0.1.0"

[[package]]
name = "heap"
version = "0.1.0"

[[package]]
name = "maps_lru"
version = "0.1.0"

[[package]]
name = "quick_sort"
version = "0.1.0"

[[package]]
name = "recursion"
version = "0.1.0"

[[package]]
name = "search"
version = "0.1.0"

[[package]]
name = "sort"
version = "0.1.0"

[[package]]
name = "tree"
version = "0.1.0"

[[package]]
name = "tree_search"
version = "0.1.0"
